
Microsoft Visual Studio Solution File, Format Version 12.00
# Visual Studio Version 17
VisualStudioVersion = 17.13.36105.23 d17.13
MinimumVisualStudioVersion = 10.0.40219.1
Project("{FAE04EC0-301F-11D3-BF4B-00C04F79EFBC}") = "coffeeshop", "coffeeshop\coffeeshop.csproj", "{486D6CB6-747E-4E09-8879-B5E72B4E9F71}"
EndProject
Global
	GlobalSection(SolutionConfigurationPlatforms) = preSolution
		Debug|Any CPU = Debug|Any CPU
		Release|Any CPU = Release|Any CPU
	EndGlobalSection
	GlobalSection(ProjectConfigurationPlatforms) = postSolution
		{486D6CB6-747E-4E09-8879-B5E72B4E9F71}.Debug|Any CPU.ActiveCfg = Debug|Any CPU
		{486D6CB6-747E-4E09-8879-B5E72B4E9F71}.Debug|Any CPU.Build.0 = Debug|Any CPU
		{486D6CB6-747E-4E09-8879-B5E72B4E9F71}.Release|Any CPU.ActiveCfg = Release|Any CPU
		{486D6CB6-747E-4E09-8879-B5E72B4E9F71}.Release|Any CPU.Build.0 = Release|Any CPU
	EndGlobalSection
	GlobalSection(SolutionProperties) = preSolution
		HideSolutionNode = FALSE
	EndGlobalSection
	GlobalSection(ExtensibilityGlobals) = postSolution
		SolutionGuid = {C03326E8-DEE8-4715-AAE1-E9A507FA4F1B}
	EndGlobalSection
EndGlobal
